
Microsoft Visual Studio Solution File, Format Version 12.00
# Visual Studio Version 16
VisualStudioVersion = 16.0.29905.134
MinimumVisualStudioVersion = 10.0.40219.1
Project("{FAE04EC0-301F-11D3-BF4B-00C04F79EFBC}") = "Code Sample 15 Using a member variable", "Code Sample 15 Using a member variable.csproj", "{66A8A932-4A63-485D-B6A2-834312BDF82C}"
EndProject
Global
	GlobalSection(SolutionConfigurationPlatforms) = preSolution
		Debug|Any CPU = Debug|Any CPU
		Release|Any CPU = Release|Any CPU
	EndGlobalSection
	GlobalSection(ProjectConfigurationPlatforms) = postSolution
		{66A8A932-4A63-485D-B6A2-834312BDF82C}.Debug|Any CPU.ActiveCfg = Debug|Any CPU
		{66A8A932-4A63-485D-B6A2-834312BDF82C}.Debug|Any CPU.Build.0 = Debug|Any CPU
		{66A8A932-4A63-485D-B6A2-834312BDF82C}.Release|Any CPU.ActiveCfg = Release|Any CPU
		{66A8A932-4A63-485D-B6A2-834312BDF82C}.Release|Any CPU.Build.0 = Release|Any CPU
	EndGlobalSection
	GlobalSection(SolutionProperties) = preSolution
		HideSolutionNode = FALSE
	EndGlobalSection
	GlobalSection(ExtensibilityGlobals) = postSolution
		SolutionGuid = {27603F6E-F584-42C4-9BCB-AD13839DDEA6}
	EndGlobalSection
EndGlobal
