
Microsoft Visual Studio Solution File, Format Version 12.00
# Visual Studio Version 16
VisualStudioVersion = 16.0.29905.134
MinimumVisualStudioVersion = 10.0.40219.1
Project("{FAE04EC0-301F-11D3-BF4B-00C04F79EFBC}") = "Code Sample 08 GlazerCalc with Loops", "Code Sample 08 GlazerCalc with Loops.csproj", "{56CD1486-095C-4E9C-B6BE-25D6D9575241}"
EndProject
Global
	GlobalSection(SolutionConfigurationPlatforms) = preSolution
		Debug|Any CPU = Debug|Any CPU
		Release|Any CPU = Release|Any CPU
	EndGlobalSection
	GlobalSection(ProjectConfigurationPlatforms) = postSolution
		{56CD1486-095C-4E9C-B6BE-25D6D9575241}.Debug|Any CPU.ActiveCfg = Debug|Any CPU
		{56CD1486-095C-4E9C-B6BE-25D6D9575241}.Debug|Any CPU.Build.0 = Debug|Any CPU
		{56CD1486-095C-4E9C-B6BE-25D6D9575241}.Release|Any CPU.ActiveCfg = Release|Any CPU
		{56CD1486-095C-4E9C-B6BE-25D6D9575241}.Release|Any CPU.Build.0 = Release|Any CPU
	EndGlobalSection
	GlobalSection(SolutionProperties) = preSolution
		HideSolutionNode = FALSE
	EndGlobalSection
	GlobalSection(ExtensibilityGlobals) = postSolution
		SolutionGuid = {FFE8A9C2-118C-44F3-9D83-3469764ECF8A}
	EndGlobalSection
EndGlobal
