
Microsoft Visual Studio Solution File, Format Version 12.00
# Visual Studio Version 16
VisualStudioVersion = 16.0.29905.134
MinimumVisualStudioVersion = 10.0.40219.1
Project("{FAE04EC0-301F-11D3-BF4B-00C04F79EFBC}") = "Code Sample 32 Testing the Account Class", "Code Sample 32 Testing the Account Class.csproj", "{98D04A80-FC23-4FD9-93DC-F5D9CBBF8D97}"
EndProject
Global
	GlobalSection(SolutionConfigurationPlatforms) = preSolution
		Debug|Any CPU = Debug|Any CPU
		Release|Any CPU = Release|Any CPU
	EndGlobalSection
	GlobalSection(ProjectConfigurationPlatforms) = postSolution
		{98D04A80-FC23-4FD9-93DC-F5D9CBBF8D97}.Debug|Any CPU.ActiveCfg = Debug|Any CPU
		{98D04A80-FC23-4FD9-93DC-F5D9CBBF8D97}.Debug|Any CPU.Build.0 = Debug|Any CPU
		{98D04A80-FC23-4FD9-93DC-F5D9CBBF8D97}.Release|Any CPU.ActiveCfg = Release|Any CPU
		{98D04A80-FC23-4FD9-93DC-F5D9CBBF8D97}.Release|Any CPU.Build.0 = Release|Any CPU
	EndGlobalSection
	GlobalSection(SolutionProperties) = preSolution
		HideSolutionNode = FALSE
	EndGlobalSection
	GlobalSection(ExtensibilityGlobals) = postSolution
		SolutionGuid = {58D6AC50-9954-412C-92F5-FE6217C30C97}
	EndGlobalSection
EndGlobal
