
Microsoft Visual Studio Solution File, Format Version 12.00
# Visual Studio Version 16
VisualStudioVersion = 16.0.29905.134
MinimumVisualStudioVersion = 10.0.40219.1
Project("{FAE04EC0-301F-11D3-BF4B-00C04F79EFBC}") = "Code Sample 27 Non-compiling Account class", "Code Sample 27 Non-compiling Account class.csproj", "{C414D14E-E60F-4FE6-86D4-6DD19A7B534D}"
EndProject
Global
	GlobalSection(SolutionConfigurationPlatforms) = preSolution
		Debug|Any CPU = Debug|Any CPU
		Release|Any CPU = Release|Any CPU
	EndGlobalSection
	GlobalSection(ProjectConfigurationPlatforms) = postSolution
		{C414D14E-E60F-4FE6-86D4-6DD19A7B534D}.Debug|Any CPU.ActiveCfg = Debug|Any CPU
		{C414D14E-E60F-4FE6-86D4-6DD19A7B534D}.Debug|Any CPU.Build.0 = Debug|Any CPU
		{C414D14E-E60F-4FE6-86D4-6DD19A7B534D}.Release|Any CPU.ActiveCfg = Release|Any CPU
		{C414D14E-E60F-4FE6-86D4-6DD19A7B534D}.Release|Any CPU.Build.0 = Release|Any CPU
	EndGlobalSection
	GlobalSection(SolutionProperties) = preSolution
		HideSolutionNode = FALSE
	EndGlobalSection
	GlobalSection(ExtensibilityGlobals) = postSolution
		SolutionGuid = {94551386-0986-4271-82B1-189155A6008D}
	EndGlobalSection
EndGlobal
