
Microsoft Visual Studio Solution File, Format Version 12.00
# Visual Studio Version 16
VisualStudioVersion = 16.0.29905.134
MinimumVisualStudioVersion = 10.0.40219.1
Project("{FAE04EC0-301F-11D3-BF4B-00C04F79EFBC}") = "Code Sample 23 Generous Account Structure", "Code Sample 23 Generous Account Structure.csproj", "{8FB7F993-A13A-42F2-9921-E35F5F7559E0}"
EndProject
Global
	GlobalSection(SolutionConfigurationPlatforms) = preSolution
		Debug|Any CPU = Debug|Any CPU
		Release|Any CPU = Release|Any CPU
	EndGlobalSection
	GlobalSection(ProjectConfigurationPlatforms) = postSolution
		{8FB7F993-A13A-42F2-9921-E35F5F7559E0}.Debug|Any CPU.ActiveCfg = Debug|Any CPU
		{8FB7F993-A13A-42F2-9921-E35F5F7559E0}.Debug|Any CPU.Build.0 = Debug|Any CPU
		{8FB7F993-A13A-42F2-9921-E35F5F7559E0}.Release|Any CPU.ActiveCfg = Release|Any CPU
		{8FB7F993-A13A-42F2-9921-E35F5F7559E0}.Release|Any CPU.Build.0 = Release|Any CPU
	EndGlobalSection
	GlobalSection(SolutionProperties) = preSolution
		HideSolutionNode = FALSE
	EndGlobalSection
	GlobalSection(ExtensibilityGlobals) = postSolution
		SolutionGuid = {DE9FB8BB-3067-4D19-B66B-D6C07009BDD1}
	EndGlobalSection
EndGlobal
