
Microsoft Visual Studio Solution File, Format Version 12.00
# Visual Studio Version 16
VisualStudioVersion = 16.0.29905.134
MinimumVisualStudioVersion = 10.0.40219.1
Project("{FAE04EC0-301F-11D3-BF4B-00C04F79EFBC}") = "Code Sample 04 Complete GlazerCalc", "Code Sample 04 Complete GlazerCalc.csproj", "{A0A24A45-0E1D-4D05-91C6-31219B9CE321}"
EndProject
Global
	GlobalSection(SolutionConfigurationPlatforms) = preSolution
		Debug|Any CPU = Debug|Any CPU
		Release|Any CPU = Release|Any CPU
	EndGlobalSection
	GlobalSection(ProjectConfigurationPlatforms) = postSolution
		{A0A24A45-0E1D-4D05-91C6-31219B9CE321}.Debug|Any CPU.ActiveCfg = Debug|Any CPU
		{A0A24A45-0E1D-4D05-91C6-31219B9CE321}.Debug|Any CPU.Build.0 = Debug|Any CPU
		{A0A24A45-0E1D-4D05-91C6-31219B9CE321}.Release|Any CPU.ActiveCfg = Release|Any CPU
		{A0A24A45-0E1D-4D05-91C6-31219B9CE321}.Release|Any CPU.Build.0 = Release|Any CPU
	EndGlobalSection
	GlobalSection(SolutionProperties) = preSolution
		HideSolutionNode = FALSE
	EndGlobalSection
	GlobalSection(ExtensibilityGlobals) = postSolution
		SolutionGuid = {69267A3A-782C-406B-8EAB-A667D07726EB}
	EndGlobalSection
EndGlobal
